
Microsoft Visual Studio Solution File, Format Version 12.00
# Visual Studio 15
VisualStudioVersion = 15.0.28307.1082
MinimumVisualStudioVersion = 10.0.40219.1
Project("{FAE04EC0-301F-11D3-BF4B-00C04F79EFBC}") = "WindowsFormsApp1", "WindowsFormsApp1\WindowsFormsApp1.csproj", "{374868F6-364B-416D-9CF1-78A0E9DC2483}"
EndProject
Global
	GlobalSection(SolutionConfigurationPlatforms) = preSolution
		Debug|Any CPU = Debug|Any CPU
		Release|Any CPU = Release|Any CPU
	EndGlobalSection
	GlobalSection(ProjectConfigurationPlatforms) = postSolution
		{374868F6-364B-416D-9CF1-78A0E9DC2483}.Debug|Any CPU.ActiveCfg = Debug|Any CPU
		{374868F6-364B-416D-9CF1-78A0E9DC2483}.Debug|Any CPU.Build.0 = Debug|Any CPU
		{374868F6-364B-416D-9CF1-78A0E9DC2483}.Release|Any CPU.ActiveCfg = Release|Any CPU
		{374868F6-364B-416D-9CF1-78A0E9DC2483}.Release|Any CPU.Build.0 = Release|Any CPU
	EndGlobalSection
	GlobalSection(SolutionProperties) = preSolution
		HideSolutionNode = FALSE
	EndGlobalSection
	GlobalSection(ExtensibilityGlobals) = postSolution
		SolutionGuid = {21D013B5-2C1A-40D8-86F8-DDD264EEF633}
	EndGlobalSection
EndGlobal
